lockfileVersion: '9.0'

settings:
  autoInstallPeers: true
  excludeLinksFromLockfile: false

importers:

  .:
    devDependencies:
      code-inspector-plugin:
        specifier: ^0.20.11
        version: 0.20.11

packages:

  '@babel/helper-string-parser@7.27.1':
    resolution: {integrity: sha512-qMlSxKbpRlAridDExk92nSobyDdpPijUq2DW6oDnUqd0iOGxmQjyqhMIihI9+zv4LPyZdRje2cavWPbCbWm3eA==}
    engines: {node: '>=6.9.0'}

  '@babel/helper-validator-identifier@7.27.1':
    resolution: {integrity: sha512-D2hP9eA+Sqx1kBZgzxZh0y1trbuU+JoDkiEwqhQ36nodYqJwyEIhPSdMNd7lOm/4io72luTPWH20Yda0xOuUow==}
    engines: {node: '>=6.9.0'}

  '@babel/parser@7.27.3':
    resolution: {integrity: sha512-xyYxRj6+tLNDTWi0KCBcZ9V7yg3/lwL9DWh9Uwh/RIVlIfFidggcgxKX3GCXwCiswwcGRawBKbEg2LG/Y8eJhw==}
    engines: {node: '>=6.0.0'}
    hasBin: true

  '@babel/types@7.27.3':
    resolution: {integrity: sha512-Y1GkI4ktrtvmawoSq+4FCVHNryea6uR+qUQy0AGxLSsjCX0nVmkYQMBLHDkXZuo5hGx7eYdnIaslsdBFm7zbUw==}
    engines: {node: '>=6.9.0'}

  '@vue/compiler-core@3.5.15':
    resolution: {integrity: sha512-nGRc6YJg/kxNqbv/7Tg4juirPnjHvuVdhcmDvQWVZXlLHjouq7VsKmV1hIxM/8yKM0VUfwT/Uzc0lO510ltZqw==}

  '@vue/compiler-dom@3.5.15':
    resolution: {integrity: sha512-ZelQd9n+O/UCBdL00rlwCrsArSak+YLZpBVuNDio1hN3+wrCshYZEDUO3khSLAzPbF1oQS2duEoMDUHScUlYjA==}

  '@vue/shared@3.5.15':
    resolution: {integrity: sha512-bKvgFJJL1ZX9KxMCTQY6xD9Dhe3nusd1OhyOb1cJYGqvAr0Vg8FIjHPMOEVbJ9GDT9HG+Bjdn4oS8ohKP8EvoA==}

  ansi-styles@4.3.0:
    resolution: {integrity: sha512-zbB9rCJAT1rbjiVDb2hqKFHNYLxgtk8NURxZ3IZwD3F6NtxbXZQCnnSi1Lkx+IDohdPlFp222wVALIheZJQSEg==}
    engines: {node: '>=8'}

  async@3.2.6:
    resolution: {integrity: sha512-htCUDlxyyCLMgaM3xXg0C0LW2xqfuQ6p05pCEIsXuyQ+a1koYKTuBMzRNwmybfLgvJDMd0r1LTn4+E0Ti6C2AA==}

  chalk@4.1.1:
    resolution: {integrity: sha512-diHzdDKxcU+bAsUboHLPEDQiw0qEe0qd7SYUn3HgcFlWgbDcfLGswOHYeGrHKzG9z6UYf01d9VFMfZxPM1xZSg==}
    engines: {node: '>=10'}

  code-inspector-core@0.20.11:
    resolution: {integrity: sha512-s1UW11xNJszXgHh/G/6BAD0YplGmPVPcVIch9x2AXkOVFPHd0Vcyb/WVSDx4zfNJ4F30ybPPfUV8ni9dygKDEA==}

  code-inspector-plugin@0.20.11:
    resolution: {integrity: sha512-zv2QaJpMnC4n7rJVoKRbhaUUmp/VyOTUlJrxzQXJKr+zq3sKEKW7DeB4v3q9e7R7nPclMlo44Z2hRCOfMxWXlg==}

  color-convert@2.0.1:
    resolution: {integrity: sha512-RRECPsj7iu/xb5oKYcsFHSppFNnsj/52OVTRKb4zP5onXwVF3zVmmToNcOfGC+CRDpfK/U584fMg38ZHCaElKQ==}
    engines: {node: '>=7.0.0'}

  color-name@1.1.4:
    resolution: {integrity: sha512-dOy+3AuW3a2wNbZHIuMZpTcgjGuLU/uBL/ubcZF9OXbDo8ff4O8yVp5Bf0efS8uEoYo5q4Fx7dY9OgQGXgAsQA==}

  debug@4.4.1:
    resolution: {integrity: sha512-KcKCqiftBJcZr++7ykoDIEwSa3XWowTfNPo92BYxjXiyYEVrUQh2aLyhxBCwww+heortUFxEJYcRzosstTEBYQ==}
    engines: {node: '>=6.0'}
    peerDependencies:
      supports-color: '*'
    peerDependenciesMeta:
      supports-color:
        optional: true

  dotenv@16.5.0:
    resolution: {integrity: sha512-m/C+AwOAr9/W1UOIZUo232ejMNnJAJtYQjUbHoNTBNTJSvqzzDh7vnrei3o3r3m9blf6ZoDkvcw0VmozNRFJxg==}
    engines: {node: '>=12'}

  entities@4.5.0:
    resolution: {integrity: sha512-V0hjH4dGPh9Ao5p0MoRY6BVqtwCjhz6vI5LT8AJ55H+4g9/4vbHx1I54fS0XuclLhDHArPQCiMjDxjaL8fPxhw==}
    engines: {node: '>=0.12'}

  esbuild-code-inspector-plugin@0.20.11:
    resolution: {integrity: sha512-SZvThqTH8zZ36JhoKEpu7xxMUZZqq7zZB/1VIjClNIPCaa8g9mOoNPFBncSSf8POeVTT9t2hE1eu+uyb1G/seQ==}

  estree-walker@2.0.2:
    resolution: {integrity: sha512-Rfkk/Mp/DL7JVje3u18FxFujQlTNR2q6QfMSMB7AvCBx91NGj/ba3kCfza0f6dVDbw7YlRf/nDrn7pQrCCyQ/w==}

  has-flag@4.0.0:
    resolution: {integrity: sha512-EykJT/Q1KjTWctppgIAgfSO0tKVuZUjhgMr17kqTumMl6Afv3EISleU7qZUzoXDFTAHTDC4NOoG/ZxU3EvlMPQ==}
    engines: {node: '>=8'}

  launch-ide@1.0.7:
    resolution: {integrity: sha512-wJMTq6U2sVYqxrlp544KQxtl8cHoXFfQa2ivDtKJ6ock2ARneiEHqUFce/NQsnNP1aZNg4OXB6g00oFRvni1/Q==}

  ms@2.1.3:
    resolution: {integrity: sha512-6FlzubTLZG3J2a/NVCAleEhjzq5oxgHyaCU9yYXvcLsvoVaHJq/s5xXI6/XXP6tz7R9xAOtHnSO/tXtF3WRTlA==}

  portfinder@1.0.37:
    resolution: {integrity: sha512-yuGIEjDAYnnOex9ddMnKZEMFE0CcGo6zbfzDklkmT1m5z734ss6JMzN9rNB3+RR7iS+F10D4/BVIaXOyh8PQKw==}
    engines: {node: '>= 10.12'}

  source-map-js@1.2.1:
    resolution: {integrity: sha512-UXWMKhLOwVKb728IUtQPXxfYU+usdybtUrK/8uGE8CQMvrhOpwvzDBwj0QhSL7MQc7vIsISBG8VQ8+IDQxpfQA==}
    engines: {node: '>=0.10.0'}

  supports-color@7.2.0:
    resolution: {integrity: sha512-qpCAvRl9stuOHveKsn7HncJRvv501qIacKzQlO/+Lwxc9+0q2wLyv4Dfvt80/DPn2pqOBsJdDiogXGR9+OvwRw==}
    engines: {node: '>=8'}

  vite-code-inspector-plugin@0.20.11:
    resolution: {integrity: sha512-UZ12CMfZEYtxSUypL9On1upZ35RKlKoK69rHVkfym29s7YKQpiGFU1BOsS7PGECSqNuUZXPjKOuAWIKECSnjKg==}

  webpack-code-inspector-plugin@0.20.11:
    resolution: {integrity: sha512-cIij1uk+DC2k4VpifxsrOFy0zfHjzWn0p/0A0LcyTxJTuoptjRIYtzlkxtqRO3uzXSRpuS1lPzPgwNsLC886HQ==}

snapshots:

  '@babel/helper-string-parser@7.27.1': {}

  '@babel/helper-validator-identifier@7.27.1': {}

  '@babel/parser@7.27.3':
    dependencies:
      '@babel/types': 7.27.3

  '@babel/types@7.27.3':
    dependencies:
      '@babel/helper-string-parser': 7.27.1
      '@babel/helper-validator-identifier': 7.27.1

  '@vue/compiler-core@3.5.15':
    dependencies:
      '@babel/parser': 7.27.3
      '@vue/shared': 3.5.15
      entities: 4.5.0
      estree-walker: 2.0.2
      source-map-js: 1.2.1

  '@vue/compiler-dom@3.5.15':
    dependencies:
      '@vue/compiler-core': 3.5.15
      '@vue/shared': 3.5.15

  '@vue/shared@3.5.15': {}

  ansi-styles@4.3.0:
    dependencies:
      color-convert: 2.0.1

  async@3.2.6: {}

  chalk@4.1.1:
    dependencies:
      ansi-styles: 4.3.0
      supports-color: 7.2.0

  code-inspector-core@0.20.11:
    dependencies:
      '@vue/compiler-dom': 3.5.15
      chalk: 4.1.1
      dotenv: 16.5.0
      launch-ide: 1.0.7
      portfinder: 1.0.37
    transitivePeerDependencies:
      - supports-color

  code-inspector-plugin@0.20.11:
    dependencies:
      chalk: 4.1.1
      code-inspector-core: 0.20.11
      dotenv: 16.5.0
      esbuild-code-inspector-plugin: 0.20.11
      vite-code-inspector-plugin: 0.20.11
      webpack-code-inspector-plugin: 0.20.11
    transitivePeerDependencies:
      - supports-color

  color-convert@2.0.1:
    dependencies:
      color-name: 1.1.4

  color-name@1.1.4: {}

  debug@4.4.1:
    dependencies:
      ms: 2.1.3

  dotenv@16.5.0: {}

  entities@4.5.0: {}

  esbuild-code-inspector-plugin@0.20.11:
    dependencies:
      code-inspector-core: 0.20.11
    transitivePeerDependencies:
      - supports-color

  estree-walker@2.0.2: {}

  has-flag@4.0.0: {}

  launch-ide@1.0.7:
    dependencies:
      chalk: 4.1.1
      dotenv: 16.5.0

  ms@2.1.3: {}

  portfinder@1.0.37:
    dependencies:
      async: 3.2.6
      debug: 4.4.1
    transitivePeerDependencies:
      - supports-color

  source-map-js@1.2.1: {}

  supports-color@7.2.0:
    dependencies:
      has-flag: 4.0.0

  vite-code-inspector-plugin@0.20.11:
    dependencies:
      code-inspector-core: 0.20.11
    transitivePeerDependencies:
      - supports-color

  webpack-code-inspector-plugin@0.20.11:
    dependencies:
      code-inspector-core: 0.20.11
    transitivePeerDependencies:
      - supports-color
